
Microsoft Visual Studio Solution File, Format Version 12.00
# Visual Studio Version 16
VisualStudioVersion = 16.0.31105.61
MinimumVisualStudioVersion = 10.0.40219.1
Project("{FAE04EC0-301F-11D3-BF4B-00C04F79EFBC}") = "DataAccess", "DataAccess\DataAccess.csproj", "{8C7AD1D1-0A26-4426-911D-636C50B435E8}"
EndProject
Project("{FAE04EC0-301F-11D3-BF4B-00C04F79EFBC}") = "Business", "Business\Business.csproj", "{A26245C9-D665-4B5A-B3C9-7FA5B72B6AA3}"
EndProject
Project("{FAE04EC0-301F-11D3-BF4B-00C04F79EFBC}") = "Entities", "Entities\Entities.csproj", "{13E810F6-E794-4A9B-B073-C0B0E634F3E5}"
EndProject
Project("{FAE04EC0-301F-11D3-BF4B-00C04F79EFBC}") = "ConsoleUI", "ConsoleUI\ConsoleUI.csproj", "{B09C4C1A-8E35-46F9-A486-A59A46B4F23E}"
EndProject
Global
	GlobalSection(SolutionConfigurationPlatforms) = preSolution
		Debug|Any CPU = Debug|Any CPU
		Release|Any CPU = Release|Any CPU
	EndGlobalSection
	GlobalSection(ProjectConfigurationPlatforms) = postSolution
		{8C7AD1D1-0A26-4426-911D-636C50B435E8}.Debug|Any CPU.ActiveCfg = Debug|Any CPU
		{8C7AD1D1-0A26-4426-911D-636C50B435E8}.Debug|Any CPU.Build.0 = Debug|Any CPU
		{8C7AD1D1-0A26-4426-911D-636C50B435E8}.Release|Any CPU.ActiveCfg = Release|Any CPU
		{8C7AD1D1-0A26-4426-911D-636C50B435E8}.Release|Any CPU.Build.0 = Release|Any CPU
		{A26245C9-D665-4B5A-B3C9-7FA5B72B6AA3}.Debug|Any CPU.ActiveCfg = Debug|Any CPU
		{A26245C9-D665-4B5A-B3C9-7FA5B72B6AA3}.Debug|Any CPU.Build.0 = Debug|Any CPU
		{A26245C9-D665-4B5A-B3C9-7FA5B72B6AA3}.Release|Any CPU.ActiveCfg = Release|Any CPU
		{A26245C9-D665-4B5A-B3C9-7FA5B72B6AA3}.Release|Any CPU.Build.0 = Release|Any CPU
		{13E810F6-E794-4A9B-B073-C0B0E634F3E5}.Debug|Any CPU.ActiveCfg = Debug|Any CPU
		{13E810F6-E794-4A9B-B073-C0B0E634F3E5}.Debug|Any CPU.Build.0 = Debug|Any CPU
		{13E810F6-E794-4A9B-B073-C0B0E634F3E5}.Release|Any CPU.ActiveCfg = Release|Any CPU
		{13E810F6-E794-4A9B-B073-C0B0E634F3E5}.Release|Any CPU.Build.0 = Release|Any CPU
		{B09C4C1A-8E35-46F9-A486-A59A46B4F23E}.Debug|Any CPU.ActiveCfg = Debug|Any CPU
		{B09C4C1A-8E35-46F9-A486-A59A46B4F23E}.Debug|Any CPU.Build.0 = Debug|Any CPU
		{B09C4C1A-8E35-46F9-A486-A59A46B4F23E}.Release|Any CPU.ActiveCfg = Release|Any CPU
		{B09C4C1A-8E35-46F9-A486-A59A46B4F23E}.Release|Any CPU.Build.0 = Release|Any CPU
	EndGlobalSection
	GlobalSection(SolutionProperties) = preSolution
		HideSolutionNode = FALSE
	EndGlobalSection
	GlobalSection(ExtensibilityGlobals) = postSolution
		SolutionGuid = {F7E6F80A-A6A3-4B05-BBD3-4C7EC0762622}
	EndGlobalSection
EndGlobal
